
Microsoft Visual Studio Solution File, Format Version 12.00
# Visual Studio Version 16
VisualStudioVersion = 16.0.31025.194
MinimumVisualStudioVersion = 10.0.40219.1
Project("{FAE04EC0-301F-11D3-BF4B-00C04F79EFBC}") = "CalculationOfSeniority", "CalculationOfSeniority.csproj", "{625D2EB7-D623-4CFF-AAD0-D8296ABDF5F1}"
EndProject
Global
	GlobalSection(SolutionConfigurationPlatforms) = preSolution
		Debug|Any CPU = Debug|Any CPU
		Release|Any CPU = Release|Any CPU
	EndGlobalSection
	GlobalSection(ProjectConfigurationPlatforms) = postSolution
		{625D2EB7-D623-4CFF-AAD0-D8296ABDF5F1}.Debug|Any CPU.ActiveCfg = Debug|Any CPU
		{625D2EB7-D623-4CFF-AAD0-D8296ABDF5F1}.Debug|Any CPU.Build.0 = Debug|Any CPU
		{625D2EB7-D623-4CFF-AAD0-D8296ABDF5F1}.Release|Any CPU.ActiveCfg = Release|Any CPU
		{625D2EB7-D623-4CFF-AAD0-D8296ABDF5F1}.Release|Any CPU.Build.0 = Release|Any CPU
	EndGlobalSection
	GlobalSection(SolutionProperties) = preSolution
		HideSolutionNode = FALSE
	EndGlobalSection
	GlobalSection(ExtensibilityGlobals) = postSolution
		SolutionGuid = {0E826D91-F5B3-46F5-83A1-779919CC8DEE}
	EndGlobalSection
EndGlobal
